
Microsoft Visual Studio Solution File, Format Version 12.00
# Visual Studio Version 17
VisualStudioVersion = 17.1.32407.343
MinimumVisualStudioVersion = 10.0.40219.1
Project("{FAE04EC0-301F-11D3-BF4B-00C04F79EFBC}") = "GestoreEventi", "GestoreEventi\GestoreEventi.csproj", "{5E18B819-29E9-404F-91EE-5C27EBC35633}"
EndProject
Global
	GlobalSection(SolutionConfigurationPlatforms) = preSolution
		Debug|Any CPU = Debug|Any CPU
		Release|Any CPU = Release|Any CPU
	EndGlobalSection
	GlobalSection(ProjectConfigurationPlatforms) = postSolution
		{5E18B819-29E9-404F-91EE-5C27EBC35633}.Debug|Any CPU.ActiveCfg = Debug|Any CPU
		{5E18B819-29E9-404F-91EE-5C27EBC35633}.Debug|Any CPU.Build.0 = Debug|Any CPU
		{5E18B819-29E9-404F-91EE-5C27EBC35633}.Release|Any CPU.ActiveCfg = Release|Any CPU
		{5E18B819-29E9-404F-91EE-5C27EBC35633}.Release|Any CPU.Build.0 = Release|Any CPU
	EndGlobalSection
	GlobalSection(SolutionProperties) = preSolution
		HideSolutionNode = FALSE
	EndGlobalSection
	GlobalSection(ExtensibilityGlobals) = postSolution
		SolutionGuid = {79A3BF21-4BB3-4DE8-8A2E-FD6FEA68EC06}
	EndGlobalSection
EndGlobal
